
Microsoft Visual Studio Solution File, Format Version 12.00
# Visual Studio 14
VisualStudioVersion = 14.0.25420.1
MinimumVisualStudioVersion = 10.0.40219.1
Project("{FAE04EC0-301F-11D3-BF4B-00C04F79EFBC}") = "XPlusY.Framework", "XPlusY.Framework\XPlusY.Framework.csproj", "{A943F0D1-BC37-44AB-B01A-989B6C440674}"
EndProject
Global
	GlobalSection(SolutionConfigurationPlatforms) = preSolution
		Debug|Any CPU = Debug|Any CPU
		Release|Any CPU = Release|Any CPU
	EndGlobalSection
	GlobalSection(ProjectConfigurationPlatforms) = postSolution
		{A943F0D1-BC37-44AB-B01A-989B6C440674}.Debug|Any CPU.ActiveCfg = Debug|Any CPU
		{A943F0D1-BC37-44AB-B01A-989B6C440674}.Debug|Any CPU.Build.0 = Debug|Any CPU
		{A943F0D1-BC37-44AB-B01A-989B6C440674}.Release|Any CPU.ActiveCfg = Release|Any CPU
		{A943F0D1-BC37-44AB-B01A-989B6C440674}.Release|Any CPU.Build.0 = Release|Any CPU
	EndGlobalSection
	GlobalSection(SolutionProperties) = preSolution
		HideSolutionNode = FALSE
	EndGlobalSection
EndGlobal
